
Microsoft Visual Studio Solution File, Format Version 12.00
# Visual Studio Version 17
VisualStudioVersion = 17.11.35222.181
MinimumVisualStudioVersion = 10.0.40219.1
Project("{FAE04EC0-301F-11D3-BF4B-00C04F79EFBC}") = "чтототам", "чтототам\чтототам.csproj", "{4DBEE3F9-2618-4911-A277-4F2C107FF7EE}"
EndProject
Global
	GlobalSection(SolutionConfigurationPlatforms) = preSolution
		Debug|Any CPU = Debug|Any CPU
		Release|Any CPU = Release|Any CPU
	EndGlobalSection
	GlobalSection(ProjectConfigurationPlatforms) = postSolution
		{4DBEE3F9-2618-4911-A277-4F2C107FF7EE}.Debug|Any CPU.ActiveCfg = Debug|Any CPU
		{4DBEE3F9-2618-4911-A277-4F2C107FF7EE}.Debug|Any CPU.Build.0 = Debug|Any CPU
		{4DBEE3F9-2618-4911-A277-4F2C107FF7EE}.Release|Any CPU.ActiveCfg = Release|Any CPU
		{4DBEE3F9-2618-4911-A277-4F2C107FF7EE}.Release|Any CPU.Build.0 = Release|Any CPU
	EndGlobalSection
	GlobalSection(SolutionProperties) = preSolution
		HideSolutionNode = FALSE
	EndGlobalSection
	GlobalSection(ExtensibilityGlobals) = postSolution
		SolutionGuid = {2FFCA70A-F3B3-49D2-9BE8-DC6E9716D140}
	EndGlobalSection
EndGlobal
